// !$*UTF8*$!
{
	archiveVersion = 1;
	classes = {
	};
	objectVersion = 56;
	objects = {

/* Begin PBXBuildFile section */
		C5FD713C28F5D81E00B588DE /* BikeStationsApp.swift in Sources */ = {isa = PBXBuildFile; fileRef = C5FD713B28F5D81E00B588DE /* BikeStationsApp.swift */; };
		C5FD714028F5D82200B588DE /* Assets.xcassets in Resources */ = {isa = PBXBuildFile; fileRef = C5FD713F28F5D82200B588DE /* Assets.xcassets */; };
		C5FD714328F5D82200B588DE /* Preview Assets.xcassets in Resources */ = {isa = PBXBuildFile; fileRef = C5FD714228F5D82200B588DE /* Preview Assets.xcassets */; };
		C5FD714828F5D82200B588DE /* BikeStations.xcdatamodeld in Sources */ = {isa = PBXBuildFile; fileRef = C5FD714628F5D82200B588DE /* BikeStations.xcdatamodeld */; };
		C5FD715228F5D82200B588DE /* BikeStationsTests.swift in Sources */ = {isa = PBXBuildFile; fileRef = C5FD715128F5D82200B588DE /* BikeStationsTests.swift */; };
		C5FD715C28F5D82200B588DE /* BikeStationsUITests.swift in Sources */ = {isa = PBXBuildFile; fileRef = C5FD715B28F5D82200B588DE /* BikeStationsUITests.swift */; };
		C5FD715E28F5D82200B588DE /* BikeStationsUITestsLaunchTests.swift in Sources */ = {isa = PBXBuildFile; fileRef = C5FD715D28F5D82200B588DE /* BikeStationsUITestsLaunchTests.swift */; };
		C5FD716F28F5D8CB00B588DE /* APIService.swift in Sources */ = {isa = PBXBuildFile; fileRef = C5FD716E28F5D8CB00B588DE /* APIService.swift */; };
		C5FD717128F5D93500B588DE /* APIServiceError.swift in Sources */ = {isa = PBXBuildFile; fileRef = C5FD717028F5D93500B588DE /* APIServiceError.swift */; };
		C5FD717328F5D94A00B588DE /* TrackerService.swift in Sources */ = {isa = PBXBuildFile; fileRef = C5FD717228F5D94A00B588DE /* TrackerService.swift */; };
		C5FD717528F5D96200B588DE /* SearchBikeStationRequest.swift in Sources */ = {isa = PBXBuildFile; fileRef = C5FD717428F5D96200B588DE /* SearchBikeStationRequest.swift */; };
		C5FD717728F5D98000B588DE /* ExperimentService.swift in Sources */ = {isa = PBXBuildFile; fileRef = C5FD717628F5D98000B588DE /* ExperimentService.swift */; };
		C5FD717928F5D99B00B588DE /* SearchBikeStationResponse.swift in Sources */ = {isa = PBXBuildFile; fileRef = C5FD717828F5D99B00B588DE /* SearchBikeStationResponse.swift */; };
		C5FD717B28F5D9AF00B588DE /* BikeStation.swift in Sources */ = {isa = PBXBuildFile; fileRef = C5FD717A28F5D9AF00B588DE /* BikeStation.swift */; };
		C5FD717D28F5D9C700B588DE /* Geometry.swift in Sources */ = {isa = PBXBuildFile; fileRef = C5FD717C28F5D9C700B588DE /* Geometry.swift */; };
		C5FD717F28F5D9EB00B588DE /* Properties.swift in Sources */ = {isa = PBXBuildFile; fileRef = C5FD717E28F5D9EB00B588DE /* Properties.swift */; };
		C5FD718128F5DA0300B588DE /* AnnotationItem.swift in Sources */ = {isa = PBXBuildFile; fileRef = C5FD718028F5DA0300B588DE /* AnnotationItem.swift */; };
		C5FD718328F5DA3600B588DE /* BikeStationListView.swift in Sources */ = {isa = PBXBuildFile; fileRef = C5FD718228F5DA3600B588DE /* BikeStationListView.swift */; };
		C5FD718528F5DA5900B588DE /* BikeStationListRow.swift in Sources */ = {isa = PBXBuildFile; fileRef = C5FD718428F5DA5900B588DE /* BikeStationListRow.swift */; };
		C5FD718728F5DA7E00B588DE /* BikeStationMapView.swift in Sources */ = {isa = PBXBuildFile; fileRef = C5FD718628F5DA7E00B588DE /* BikeStationMapView.swift */; };
		C5FD718928F5DAA400B588DE /* BikeStationListViewModel.swift in Sources */ = {isa = PBXBuildFile; fileRef = C5FD718828F5DAA400B588DE /* BikeStationListViewModel.swift */; };
		C5FD718B28F5DAB900B588DE /* UnidirectionalDataFlowType.swift in Sources */ = {isa = PBXBuildFile; fileRef = C5FD718A28F5DAB900B588DE /* UnidirectionalDataFlowType.swift */; };
		C5FD718D28F5DACE00B588DE /* BikeStationMapViewModel.swift in Sources */ = {isa = PBXBuildFile; fileRef = C5FD718C28F5DACE00B588DE /* BikeStationMapViewModel.swift */; };
/* End PBXBuildFile section */

/* Begin PBXContainerItemProxy section */
		C5FD714E28F5D82200B588DE /* PBXContainerItemProxy */ = {
			isa = PBXContainerItemProxy;
			containerPortal = C5FD713028F5D81E00B588DE /* Project object */;
			proxyType = 1;
			remoteGlobalIDString = C5FD713728F5D81E00B588DE;
			remoteInfo = BikeStations;
		};
		C5FD715828F5D82200B588DE /* PBXContainerItemProxy */ = {
			isa = PBXContainerItemProxy;
			containerPortal = C5FD713028F5D81E00B588DE /* Project object */;
			proxyType = 1;
			remoteGlobalIDString = C5FD713728F5D81E00B588DE;
			remoteInfo = BikeStations;
		};
/* End PBXContainerItemProxy section */

/* Begin PBXFileReference section */
		C5FD713828F5D81E00B588DE /* BikeStations.app */ = {isa = PBXFileReference; explicitFileType = wrapper.application; includeInIndex = 0; path = BikeStations.app; sourceTree = BUILT_PRODUCTS_DIR; };
		C5FD713B28F5D81E00B588DE /* BikeStationsApp.swift */ = {isa = PBXFileReference; lastKnownFileType = sourcecode.swift; path = BikeStationsApp.swift; sourceTree = "<group>"; };
		C5FD713F28F5D82200B588DE /* Assets.xcassets */ = {isa = PBXFileReference; lastKnownFileType = folder.assetcatalog; path = Assets.xcassets; sourceTree = "<group>"; };
		C5FD714228F5D82200B588DE /* Preview Assets.xcassets */ = {isa = PBXFileReference; lastKnownFileType = folder.assetcatalog; path = "Preview Assets.xcassets"; sourceTree = "<group>"; };
		C5FD714728F5D82200B588DE /* BikeStations.xcdatamodel */ = {isa = PBXFileReference; lastKnownFileType = wrapper.xcdatamodel; path = BikeStations.xcdatamodel; sourceTree = "<group>"; };
		C5FD714D28F5D82200B588DE /* BikeStationsTests.xctest */ = {isa = PBXFileReference; explicitFileType = wrapper.cfbundle; includeInIndex = 0; path = BikeStationsTests.xctest; sourceTree = BUILT_PRODUCTS_DIR; };
		C5FD715128F5D82200B588DE /* BikeStationsTests.swift */ = {isa = PBXFileReference; lastKnownFileType = sourcecode.swift; path = BikeStationsTests.swift; sourceTree = "<group>"; };
		C5FD715728F5D82200B588DE /* BikeStationsUITests.xctest */ = {isa = PBXFileReference; explicitFileType = wrapper.cfbundle; includeInIndex = 0; path = BikeStationsUITests.xctest; sourceTree = BUILT_PRODUCTS_DIR; };
		C5FD715B28F5D82200B588DE /* BikeStationsUITests.swift */ = {isa = PBXFileReference; lastKnownFileType = sourcecode.swift; path = BikeStationsUITests.swift; sourceTree = "<group>"; };
		C5FD715D28F5D82200B588DE /* BikeStationsUITestsLaunchTests.swift */ = {isa = PBXFileReference; lastKnownFileType = sourcecode.swift; path = BikeStationsUITestsLaunchTests.swift; sourceTree = "<group>"; };
		C5FD716E28F5D8CB00B588DE /* APIService.swift */ = {isa = PBXFileReference; lastKnownFileType = sourcecode.swift; path = APIService.swift; sourceTree = "<group>"; };
		C5FD717028F5D93500B588DE /* APIServiceError.swift */ = {isa = PBXFileReference; lastKnownFileType = sourcecode.swift; path = APIServiceError.swift; sourceTree = "<group>"; };
		C5FD717228F5D94A00B588DE /* TrackerService.swift */ = {isa = PBXFileReference; lastKnownFileType = sourcecode.swift; path = TrackerService.swift; sourceTree = "<group>"; };
		C5FD717428F5D96200B588DE /* SearchBikeStationRequest.swift */ = {isa = PBXFileReference; lastKnownFileType = sourcecode.swift; path = SearchBikeStationRequest.swift; sourceTree = "<group>"; };
		C5FD717628F5D98000B588DE /* ExperimentService.swift */ = {isa = PBXFileReference; lastKnownFileType = sourcecode.swift; path = ExperimentService.swift; sourceTree = "<group>"; };
		C5FD717828F5D99B00B588DE /* SearchBikeStationResponse.swift */ = {isa = PBXFileReference; lastKnownFileType = sourcecode.swift; path = SearchBikeStationResponse.swift; sourceTree = "<group>"; };
		C5FD717A28F5D9AF00B588DE /* BikeStation.swift */ = {isa = PBXFileReference; lastKnownFileType = sourcecode.swift; path = BikeStation.swift; sourceTree = "<group>"; };
		C5FD717C28F5D9C700B588DE /* Geometry.swift */ = {isa = PBXFileReference; lastKnownFileType = sourcecode.swift; path = Geometry.swift; sourceTree = "<group>"; };
		C5FD717E28F5D9EB00B588DE /* Properties.swift */ = {isa = PBXFileReference; lastKnownFileType = sourcecode.swift; path = Properties.swift; sourceTree = "<group>"; };
		C5FD718028F5DA0300B588DE /* AnnotationItem.swift */ = {isa = PBXFileReference; lastKnownFileType = sourcecode.swift; path = AnnotationItem.swift; sourceTree = "<group>"; };
		C5FD718228F5DA3600B588DE /* BikeStationListView.swift */ = {isa = PBXFileReference; lastKnownFileType = sourcecode.swift; path = BikeStationListView.swift; sourceTree = "<group>"; };
		C5FD718428F5DA5900B588DE /* BikeStationListRow.swift */ = {isa = PBXFileReference; lastKnownFileType = sourcecode.swift; path = BikeStationListRow.swift; sourceTree = "<group>"; };
		C5FD718628F5DA7E00B588DE /* BikeStationMapView.swift */ = {isa = PBXFileReference; lastKnownFileType = sourcecode.swift; path = BikeStationMapView.swift; sourceTree = "<group>"; };
		C5FD718828F5DAA400B588DE /* BikeStationListViewModel.swift */ = {isa = PBXFileReference; lastKnownFileType = sourcecode.swift; path = BikeStationListViewModel.swift; sourceTree = "<group>"; };
		C5FD718A28F5DAB900B588DE /* UnidirectionalDataFlowType.swift */ = {isa = PBXFileReference; lastKnownFileType = sourcecode.swift; path = UnidirectionalDataFlowType.swift; sourceTree = "<group>"; };
		C5FD718C28F5DACE00B588DE /* BikeStationMapViewModel.swift */ = {isa = PBXFileReference; lastKnownFileType = sourcecode.swift; path = BikeStationMapViewModel.swift; sourceTree = "<group>"; };
/* End PBXFileReference section */

/* Begin PBXFrameworksBuildPhase section */
		C5FD713528F5D81E00B588DE /* Frameworks */ = {
			isa = PBXFrameworksBuildPhase;
			buildActionMask = 2147483647;
			files = (
			);
			runOnlyForDeploymentPostprocessing = 0;
		};
		C5FD714A28F5D82200B588DE /* Frameworks */ = {
			isa = PBXFrameworksBuildPhase;
			buildActionMask = 2147483647;
			files = (
			);
			runOnlyForDeploymentPostprocessing = 0;
		};
		C5FD715428F5D82200B588DE /* Frameworks */ = {
			isa = PBXFrameworksBuildPhase;
			buildActionMask = 2147483647;
			files = (
			);
			runOnlyForDeploymentPostprocessing = 0;
		};
/* End PBXFrameworksBuildPhase section */

/* Begin PBXGroup section */
		C5FD712F28F5D81E00B588DE = {
			isa = PBXGroup;
			children = (
				C5FD713A28F5D81E00B588DE /* BikeStations */,
				C5FD715028F5D82200B588DE /* BikeStationsTests */,
				C5FD715A28F5D82200B588DE /* BikeStationsUITests */,
				C5FD713928F5D81E00B588DE /* Products */,
			);
			sourceTree = "<group>";
		};
		C5FD713928F5D81E00B588DE /* Products */ = {
			isa = PBXGroup;
			children = (
				C5FD713828F5D81E00B588DE /* BikeStations.app */,
				C5FD714D28F5D82200B588DE /* BikeStationsTests.xctest */,
				C5FD715728F5D82200B588DE /* BikeStationsUITests.xctest */,
			);
			name = Products;
			sourceTree = "<group>";
		};
		C5FD713A28F5D81E00B588DE /* BikeStations */ = {
			isa = PBXGroup;
			children = (
				C5FD716D28F5D89400B588DE /* Services */,
				C5FD716C28F5D88500B588DE /* Models */,
				C5FD716B28F5D87E00B588DE /* Views */,
				C5FD716A28F5D87200B588DE /* ViewModels */,
				C5FD713B28F5D81E00B588DE /* BikeStationsApp.swift */,
				C5FD713F28F5D82200B588DE /* Assets.xcassets */,
				C5FD714628F5D82200B588DE /* BikeStations.xcdatamodeld */,
				C5FD714128F5D82200B588DE /* Preview Content */,
			);
			path = BikeStations;
			sourceTree = "<group>";
		};
		C5FD714128F5D82200B588DE /* Preview Content */ = {
			isa = PBXGroup;
			children = (
				C5FD714228F5D82200B588DE /* Preview Assets.xcassets */,
			);
			path = "Preview Content";
			sourceTree = "<group>";
		};
		C5FD715028F5D82200B588DE /* BikeStationsTests */ = {
			isa = PBXGroup;
			children = (
				C5FD715128F5D82200B588DE /* BikeStationsTests.swift */,
			);
			path = BikeStationsTests;
			sourceTree = "<group>";
		};
		C5FD715A28F5D82200B588DE /* BikeStationsUITests */ = {
			isa = PBXGroup;
			children = (
				C5FD715B28F5D82200B588DE /* BikeStationsUITests.swift */,
				C5FD715D28F5D82200B588DE /* BikeStationsUITestsLaunchTests.swift */,
			);
			path = BikeStationsUITests;
			sourceTree = "<group>";
		};
		C5FD716A28F5D87200B588DE /* ViewModels */ = {
			isa = PBXGroup;
			children = (
				C5FD718828F5DAA400B588DE /* BikeStationListViewModel.swift */,
				C5FD718A28F5DAB900B588DE /* UnidirectionalDataFlowType.swift */,
				C5FD718C28F5DACE00B588DE /* BikeStationMapViewModel.swift */,
			);
			path = ViewModels;
			sourceTree = "<group>";
		};
		C5FD716B28F5D87E00B588DE /* Views */ = {
			isa = PBXGroup;
			children = (
				C5FD718228F5DA3600B588DE /* BikeStationListView.swift */,
				C5FD718428F5DA5900B588DE /* BikeStationListRow.swift */,
				C5FD718628F5DA7E00B588DE /* BikeStationMapView.swift */,
			);
			path = Views;
			sourceTree = "<group>";
		};
		C5FD716C28F5D88500B588DE /* Models */ = {
			isa = PBXGroup;
			children = (
				C5FD717828F5D99B00B588DE /* SearchBikeStationResponse.swift */,
				C5FD717A28F5D9AF00B588DE /* BikeStation.swift */,
				C5FD717C28F5D9C700B588DE /* Geometry.swift */,
				C5FD717E28F5D9EB00B588DE /* Properties.swift */,
				C5FD718028F5DA0300B588DE /* AnnotationItem.swift */,
			);
			path = Models;
			sourceTree = "<group>";
		};
		C5FD716D28F5D89400B588DE /* Services */ = {
			isa = PBXGroup;
			children = (
				C5FD716E28F5D8CB00B588DE /* APIService.swift */,
				C5FD717028F5D93500B588DE /* APIServiceError.swift */,
				C5FD717228F5D94A00B588DE /* TrackerService.swift */,
				C5FD717428F5D96200B588DE /* SearchBikeStationRequest.swift */,
				C5FD717628F5D98000B588DE /* ExperimentService.swift */,
			);
			path = Services;
			sourceTree = "<group>";
		};
/* End PBXGroup section */

/* Begin PBXNativeTarget section */
		C5FD713728F5D81E00B588DE /* BikeStations */ = {
			isa = PBXNativeTarget;
			buildConfigurationList = C5FD716128F5D82200B588DE /* Build configuration list for PBXNativeTarget "BikeStations" */;
			buildPhases = (
				C5FD713428F5D81E00B588DE /* Sources */,
				C5FD713528F5D81E00B588DE /* Frameworks */,
				C5FD713628F5D81E00B588DE /* Resources */,
			);
			buildRules = (
			);
			dependencies = (
			);
			name = BikeStations;
			productName = BikeStations;
			productReference = C5FD713828F5D81E00B588DE /* BikeStations.app */;
			productType = "com.apple.product-type.application";
		};
		C5FD714C28F5D82200B588DE /* BikeStationsTests */ = {
			isa = PBXNativeTarget;
			buildConfigurationList = C5FD716428F5D82200B588DE /* Build configuration list for PBXNativeTarget "BikeStationsTests" */;
			buildPhases = (
				C5FD714928F5D82200B588DE /* Sources */,
				C5FD714A28F5D82200B588DE /* Frameworks */,
				C5FD714B28F5D82200B588DE /* Resources */,
			);
			buildRules = (
			);
			dependencies = (
				C5FD714F28F5D82200B588DE /* PBXTargetDependency */,
			);
			name = BikeStationsTests;
			productName = BikeStationsTests;
			productReference = C5FD714D28F5D82200B588DE /* BikeStationsTests.xctest */;
			productType = "com.apple.product-type.bundle.unit-test";
		};
		C5FD715628F5D82200B588DE /* BikeStationsUITests */ = {
			isa = PBXNativeTarget;
			buildConfigurationList = C5FD716728F5D82200B588DE /* Build configuration list for PBXNativeTarget "BikeStationsUITests" */;
			buildPhases = (
				C5FD715328F5D82200B588DE /* Sources */,
				C5FD715428F5D82200B588DE /* Frameworks */,
				C5FD715528F5D82200B588DE /* Resources */,
			);
			buildRules = (
			);
			dependencies = (
				C5FD715928F5D82200B588DE /* PBXTargetDependency */,
			);
			name = BikeStationsUITests;
			productName = BikeStationsUITests;
			productReference = C5FD715728F5D82200B588DE /* BikeStationsUITests.xctest */;
			productType = "com.apple.product-type.bundle.ui-testing";
		};
/* End PBXNativeTarget section */

/* Begin PBXProject section */
		C5FD713028F5D81E00B588DE /* Project object */ = {
			isa = PBXProject;
			attributes = {
				BuildIndependentTargetsInParallel = 1;
				LastSwiftUpdateCheck = 1400;
				LastUpgradeCheck = 1400;
				TargetAttributes = {
					C5FD713728F5D81E00B588DE = {
						CreatedOnToolsVersion = 14.0;
					};
					C5FD714C28F5D82200B588DE = {
						CreatedOnToolsVersion = 14.0;
						TestTargetID = C5FD713728F5D81E00B588DE;
					};
					C5FD715628F5D82200B588DE = {
						CreatedOnToolsVersion = 14.0;
						TestTargetID = C5FD713728F5D81E00B588DE;
					};
				};
			};
			buildConfigurationList = C5FD713328F5D81E00B588DE /* Build configuration list for PBXProject "BikeStations" */;
			compatibilityVersion = "Xcode 14.0";
			developmentRegion = en;
			hasScannedForEncodings = 0;
			knownRegions = (
				en,
				Base,
			);
			mainGroup = C5FD712F28F5D81E00B588DE;
			productRefGroup = C5FD713928F5D81E00B588DE /* Products */;
			projectDirPath = "";
			projectRoot = "";
			targets = (
				C5FD713728F5D81E00B588DE /* BikeStations */,
				C5FD714C28F5D82200B588DE /* BikeStationsTests */,
				C5FD715628F5D82200B588DE /* BikeStationsUITests */,
			);
		};
/* End PBXProject section */

/* Begin PBXResourcesBuildPhase section */
		C5FD713628F5D81E00B588DE /* Resources */ = {
			isa = PBXResourcesBuildPhase;
			buildActionMask = 2147483647;
			files = (
				C5FD714328F5D82200B588DE /* Preview Assets.xcassets in Resources */,
				C5FD714028F5D82200B588DE /* Assets.xcassets in Resources */,
			);
			runOnlyForDeploymentPostprocessing = 0;
		};
		C5FD714B28F5D82200B588DE /* Resources */ = {
			isa = PBXResourcesBuildPhase;
			buildActionMask = 2147483647;
			files = (
			);
			runOnlyForDeploymentPostprocessing = 0;
		};
		C5FD715528F5D82200B588DE /* Resources */ = {
			isa = PBXResourcesBuildPhase;
			buildActionMask = 2147483647;
			files = (
			);
			runOnlyForDeploymentPostprocessing = 0;
		};
/* End PBXResourcesBuildPhase section */

/* Begin PBXSourcesBuildPhase section */
		C5FD713428F5D81E00B588DE /* Sources */ = {
			isa = PBXSourcesBuildPhase;
			buildActionMask = 2147483647;
			files = (
				C5FD717328F5D94A00B588DE /* TrackerService.swift in Sources */,
				C5FD718728F5DA7E00B588DE /* BikeStationMapView.swift in Sources */,
				C5FD717D28F5D9C700B588DE /* Geometry.swift in Sources */,
				C5FD717928F5D99B00B588DE /* SearchBikeStationResponse.swift in Sources */,
				C5FD718528F5DA5900B588DE /* BikeStationListRow.swift in Sources */,
				C5FD717128F5D93500B588DE /* APIServiceError.swift in Sources */,
				C5FD718D28F5DACE00B588DE /* BikeStationMapViewModel.swift in Sources */,
				C5FD717B28F5D9AF00B588DE /* BikeStation.swift in Sources */,
				C5FD716F28F5D8CB00B588DE /* APIService.swift in Sources */,
				C5FD717F28F5D9EB00B588DE /* Properties.swift in Sources */,
				C5FD718328F5DA3600B588DE /* BikeStationListView.swift in Sources */,
				C5FD714828F5D82200B588DE /* BikeStations.xcdatamodeld in Sources */,
				C5FD717528F5D96200B588DE /* SearchBikeStationRequest.swift in Sources */,
				C5FD717728F5D98000B588DE /* ExperimentService.swift in Sources */,
				C5FD718928F5DAA400B588DE /* BikeStationListViewModel.swift in Sources */,
				C5FD718B28F5DAB900B588DE /* UnidirectionalDataFlowType.swift in Sources */,
				C5FD713C28F5D81E00B588DE /* BikeStationsApp.swift in Sources */,
				C5FD718128F5DA0300B588DE /* AnnotationItem.swift in Sources */,
			);
			runOnlyForDeploymentPostprocessing = 0;
		};
		C5FD714928F5D82200B588DE /* Sources */ = {
			isa = PBXSourcesBuildPhase;
			buildActionMask = 2147483647;
			files = (
				C5FD715228F5D82200B588DE /* BikeStationsTests.swift in Sources */,
			);
			runOnlyForDeploymentPostprocessing = 0;
		};
		C5FD715328F5D82200B588DE /* Sources */ = {
			isa = PBXSourcesBuildPhase;
			buildActionMask = 2147483647;
			files = (
				C5FD715E28F5D82200B588DE /* BikeStationsUITestsLaunchTests.swift in Sources */,
				C5FD715C28F5D82200B588DE /* BikeStationsUITests.swift in Sources */,
			);
			runOnlyForDeploymentPostprocessing = 0;
		};
/* End PBXSourcesBuildPhase section */

/* Begin PBXTargetDependency section */
		C5FD714F28F5D82200B588DE /* PBXTargetDependency */ = {
			isa = PBXTargetDependency;
			target = C5FD713728F5D81E00B588DE /* BikeStations */;
			targetProxy = C5FD714E28F5D82200B588DE /* PBXContainerItemProxy */;
		};
		C5FD715928F5D82200B588DE /* PBXTargetDependency */ = {
			isa = PBXTargetDependency;
			target = C5FD713728F5D81E00B588DE /* BikeStations */;
			targetProxy = C5FD715828F5D82200B588DE /* PBXContainerItemProxy */;
		};
/* End PBXTargetDependency section */

/* Begin XCBuildConfiguration section */
		C5FD715F28F5D82200B588DE /* Debug */ = {
			isa = XCBuildConfiguration;
			buildSettings = {
				ALWAYS_SEARCH_USER_PATHS = NO;
				CLANG_ANALYZER_NONNULL = YES;
				CLANG_ANALYZER_NUMBER_OBJECT_CONVERSION = YES_AGGRESSIVE;
				CLANG_CXX_LANGUAGE_STANDARD = "gnu++20";
				CLANG_ENABLE_MODULES = YES;
				CLANG_ENABLE_OBJC_ARC = YES;
				CLANG_ENABLE_OBJC_WEAK = YES;
				CLANG_WARN_BLOCK_CAPTURE_AUTORELEASING = YES;
				CLANG_WARN_BOOL_CONVERSION = YES;
				CLANG_WARN_COMMA = YES;
				CLANG_WARN_CONSTANT_CONVERSION = YES;
				CLANG_WARN_DEPRECATED_OBJC_IMPLEMENTATIONS = YES;
				CLANG_WARN_DIRECT_OBJC_ISA_USAGE = YES_ERROR;
				CLANG_WARN_DOCUMENTATION_COMMENTS = YES;
				CLANG_WARN_EMPTY_BODY = YES;
				CLANG_WARN_ENUM_CONVERSION = YES;
				CLANG_WARN_INFINITE_RECURSION = YES;
				CLANG_WARN_INT_CONVERSION = YES;
				CLANG_WARN_NON_LITERAL_NULL_CONVERSION = YES;
				CLANG_WARN_OBJC_IMPLICIT_RETAIN_SELF = YES;
				CLANG_WARN_OBJC_LITERAL_CONVERSION = YES;
				CLANG_WARN_OBJC_ROOT_CLASS = YES_ERROR;
				CLANG_WARN_QUOTED_INCLUDE_IN_FRAMEWORK_HEADER = YES;
				CLANG_WARN_RANGE_LOOP_ANALYSIS = YES;
				CLANG_WARN_STRICT_PROTOTYPES = YES;
				CLANG_WARN_SUSPICIOUS_MOVE = YES;
				CLANG_WARN_UNGUARDED_AVAILABILITY = YES_AGGRESSIVE;
				CLANG_WARN_UNREACHABLE_CODE = YES;
				CLANG_WARN__DUPLICATE_METHOD_MATCH = YES;
				COPY_PHASE_STRIP = NO;
				DEBUG_INFORMATION_FORMAT = dwarf;
				ENABLE_STRICT_OBJC_MSGSEND = YES;
				ENABLE_TESTABILITY = YES;
				GCC_C_LANGUAGE_STANDARD = gnu11;
				GCC_DYNAMIC_NO_PIC = NO;
				GCC_NO_COMMON_BLOCKS = YES;
				GCC_OPTIMIZATION_LEVEL = 0;
				GCC_PREPROCESSOR_DEFINITIONS = (
					"DEBUG=1",
					"$(inherited)",
				);
				GCC_WARN_64_TO_32_BIT_CONVERSION = YES;
				GCC_WARN_ABOUT_RETURN_TYPE = YES_ERROR;
				GCC_WARN_UNDECLARED_SELECTOR = YES;
				GCC_WARN_UNINITIALIZED_AUTOS = YES_AGGRESSIVE;
				GCC_WARN_UNUSED_FUNCTION = YES;
				GCC_WARN_UNUSED_VARIABLE = YES;
				IPHONEOS_DEPLOYMENT_TARGET = 16.0;
				MTL_ENABLE_DEBUG_INFO = INCLUDE_SOURCE;
				MTL_FAST_MATH = YES;
				ONLY_ACTIVE_ARCH = YES;
				SDKROOT = iphoneos;
				SWIFT_ACTIVE_COMPILATION_CONDITIONS = DEBUG;
				SWIFT_OPTIMIZATION_LEVEL = "-Onone";
			};
			name = Debug;
		};
		C5FD716028F5D82200B588DE /* Release */ = {
			isa = XCBuildConfiguration;
			buildSettings = {
				ALWAYS_SEARCH_USER_PATHS = NO;
				CLANG_ANALYZER_NONNULL = YES;
				CLANG_ANALYZER_NUMBER_OBJECT_CONVERSION = YES_AGGRESSIVE;
				CLANG_CXX_LANGUAGE_STANDARD = "gnu++20";
				CLANG_ENABLE_MODULES = YES;
				CLANG_ENABLE_OBJC_ARC = YES;
				CLANG_ENABLE_OBJC_WEAK = YES;
				CLANG_WARN_BLOCK_CAPTURE_AUTORELEASING = YES;
				CLANG_WARN_BOOL_CONVERSION = YES;
				CLANG_WARN_COMMA = YES;
				CLANG_WARN_CONSTANT_CONVERSION = YES;
				CLANG_WARN_DEPRECATED_OBJC_IMPLEMENTATIONS = YES;
				CLANG_WARN_DIRECT_OBJC_ISA_USAGE = YES_ERROR;
				CLANG_WARN_DOCUMENTATION_COMMENTS = YES;
				CLANG_WARN_EMPTY_BODY = YES;
				CLANG_WARN_ENUM_CONVERSION = YES;
				CLANG_WARN_INFINITE_RECURSION = YES;
				CLANG_WARN_INT_CONVERSION = YES;
				CLANG_WARN_NON_LITERAL_NULL_CONVERSION = YES;
				CLANG_WARN_OBJC_IMPLICIT_RETAIN_SELF = YES;
				CLANG_WARN_OBJC_LITERAL_CONVERSION = YES;
				CLANG_WARN_OBJC_ROOT_CLASS = YES_ERROR;
				CLANG_WARN_QUOTED_INCLUDE_IN_FRAMEWORK_HEADER = YES;
				CLANG_WARN_RANGE_LOOP_ANALYSIS = YES;
				CLANG_WARN_STRICT_PROTOTYPES = YES;
				CLANG_WARN_SUSPICIOUS_MOVE = YES;
				CLANG_WARN_UNGUARDED_AVAILABILITY = YES_AGGRESSIVE;
				CLANG_WARN_UNREACHABLE_CODE = YES;
				CLANG_WARN__DUPLICATE_METHOD_MATCH = YES;
				COPY_PHASE_STRIP = NO;
				DEBUG_INFORMATION_FORMAT = "dwarf-with-dsym";
				ENABLE_NS_ASSERTIONS = NO;
				ENABLE_STRICT_OBJC_MSGSEND = YES;
				GCC_C_LANGUAGE_STANDARD = gnu11;
				GCC_NO_COMMON_BLOCKS = YES;
				GCC_WARN_64_TO_32_BIT_CONVERSION = YES;
				GCC_WARN_ABOUT_RETURN_TYPE = YES_ERROR;
				GCC_WARN_UNDECLARED_SELECTOR = YES;
				GCC_WARN_UNINITIALIZED_AUTOS = YES_AGGRESSIVE;
				GCC_WARN_UNUSED_FUNCTION = YES;
				GCC_WARN_UNUSED_VARIABLE = YES;
				IPHONEOS_DEPLOYMENT_TARGET = 16.0;
				MTL_ENABLE_DEBUG_INFO = NO;
				MTL_FAST_MATH = YES;
				SDKROOT = iphoneos;
				SWIFT_COMPILATION_MODE = wholemodule;
				SWIFT_OPTIMIZATION_LEVEL = "-O";
				VALIDATE_PRODUCT = YES;
			};
			name = Release;
		};
		C5FD716228F5D82200B588DE /* Debug */ = {
			isa = XCBuildConfiguration;
			buildSettings = {
				ASSETCATALOG_COMPILER_APPICON_NAME = AppIcon;
				ASSETCATALOG_COMPILER_GLOBAL_ACCENT_COLOR_NAME = AccentColor;
				CODE_SIGN_STYLE = Automatic;
				CURRENT_PROJECT_VERSION = 1;
				DEVELOPMENT_ASSET_PATHS = "\"BikeStations/Preview Content\"";
				DEVELOPMENT_TEAM = LDDAW7QUM9;
				ENABLE_PREVIEWS = YES;
				GENERATE_INFOPLIST_FILE = YES;
				INFOPLIST_KEY_LSApplicationCategoryType = "public.app-category.lifestyle";
				INFOPLIST_KEY_UIApplicationSceneManifest_Generation = YES;
				INFOPLIST_KEY_UIApplicationSupportsIndirectInputEvents = YES;
				INFOPLIST_KEY_UILaunchScreen_Generation = YES;
				INFOPLIST_KEY_UISupportedInterfaceOrientations_iPad = "UIInterfaceOrientationPortrait UIInterfaceOrientationPortraitUpsideDown UIInterfaceOrientationLandscapeLeft UIInterfaceOrientationLandscapeRight";
				INFOPLIST_KEY_UISupportedInterfaceOrientations_iPhone = "UIInterfaceOrientationPortrait UIInterfaceOrientationLandscapeLeft UIInterfaceOrientationLandscapeRight";
				IPHONEOS_DEPLOYMENT_TARGET = 14.0;
				LD_RUNPATH_SEARCH_PATHS = (
					"$(inherited)",
					"@executable_path/Frameworks",
				);
				MARKETING_VERSION = 1.0;
				PRODUCT_BUNDLE_IDENTIFIER = com.digikraft.BikeStations;
				PRODUCT_NAME = "$(TARGET_NAME)";
				SUPPORTED_PLATFORMS = "iphoneos iphonesimulator";
				SUPPORTS_MACCATALYST = NO;
				SUPPORTS_MAC_DESIGNED_FOR_IPHONE_IPAD = NO;
				SWIFT_EMIT_LOC_STRINGS = YES;
				SWIFT_VERSION = 5.0;
				TARGETED_DEVICE_FAMILY = "1,2";
			};
			name = Debug;
		};
		C5FD716328F5D82200B588DE /* Release */ = {
			isa = XCBuildConfiguration;
			buildSettings = {
				ASSETCATALOG_COMPILER_APPICON_NAME = AppIcon;
				ASSETCATALOG_COMPILER_GLOBAL_ACCENT_COLOR_NAME = AccentColor;
				CODE_SIGN_STYLE = Automatic;
				CURRENT_PROJECT_VERSION = 1;
				DEVELOPMENT_ASSET_PATHS = "\"BikeStations/Preview Content\"";
				DEVELOPMENT_TEAM = LDDAW7QUM9;
				ENABLE_PREVIEWS = YES;
				GENERATE_INFOPLIST_FILE = YES;
				INFOPLIST_KEY_LSApplicationCategoryType = "public.app-category.lifestyle";
				INFOPLIST_KEY_UIApplicationSceneManifest_Generation = YES;
				INFOPLIST_KEY_UIApplicationSupportsIndirectInputEvents = YES;
				INFOPLIST_KEY_UILaunchScreen_Generation = YES;
				INFOPLIST_KEY_UISupportedInterfaceOrientations_iPad = "UIInterfaceOrientationPortrait UIInterfaceOrientationPortraitUpsideDown UIInterfaceOrientationLandscapeLeft UIInterfaceOrientationLandscapeRight";
				INFOPLIST_KEY_UISupportedInterfaceOrientations_iPhone = "UIInterfaceOrientationPortrait UIInterfaceOrientationLandscapeLeft UIInterfaceOrientationLandscapeRight";
				IPHONEOS_DEPLOYMENT_TARGET = 14.0;
				LD_RUNPATH_SEARCH_PATHS = (
					"$(inherited)",
					"@executable_path/Frameworks",
				);
				MARKETING_VERSION = 1.0;
				PRODUCT_BUNDLE_IDENTIFIER = com.digikraft.BikeStations;
				PRODUCT_NAME = "$(TARGET_NAME)";
				SUPPORTED_PLATFORMS = "iphoneos iphonesimulator";
				SUPPORTS_MACCATALYST = NO;
				SUPPORTS_MAC_DESIGNED_FOR_IPHONE_IPAD = NO;
				SWIFT_EMIT_LOC_STRINGS = YES;
				SWIFT_VERSION = 5.0;
				TARGETED_DEVICE_FAMILY = "1,2";
			};
			name = Release;
		};
		C5FD716528F5D82200B588DE /* Debug */ = {
			isa = XCBuildConfiguration;
			buildSettings = {
				ALWAYS_EMBED_SWIFT_STANDARD_LIBRARIES = YES;
				BUNDLE_LOADER = "$(TEST_HOST)";
				CODE_SIGN_STYLE = Automatic;
				CURRENT_PROJECT_VERSION = 1;
				DEVELOPMENT_TEAM = LDDAW7QUM9;
				GENERATE_INFOPLIST_FILE = YES;
				IPHONEOS_DEPLOYMENT_TARGET = 16.0;
				MARKETING_VERSION = 1.0;
				PRODUCT_BUNDLE_IDENTIFIER = com.digikraft.BikeStationsTests;
				PRODUCT_NAME = "$(TARGET_NAME)";
				SWIFT_EMIT_LOC_STRINGS = NO;
				SWIFT_VERSION = 5.0;
				TARGETED_DEVICE_FAMILY = "1,2";
				TEST_HOST = "$(BUILT_PRODUCTS_DIR)/BikeStations.app/$(BUNDLE_EXECUTABLE_FOLDER_PATH)/BikeStations";
			};
			name = Debug;
		};
		C5FD716628F5D82200B588DE /* Release */ = {
			isa = XCBuildConfiguration;
			buildSettings = {
				ALWAYS_EMBED_SWIFT_STANDARD_LIBRARIES = YES;
				BUNDLE_LOADER = "$(TEST_HOST)";
				CODE_SIGN_STYLE = Automatic;
				CURRENT_PROJECT_VERSION = 1;
				DEVELOPMENT_TEAM = LDDAW7QUM9;
				GENERATE_INFOPLIST_FILE = YES;
				IPHONEOS_DEPLOYMENT_TARGET = 16.0;
				MARKETING_VERSION = 1.0;
				PRODUCT_BUNDLE_IDENTIFIER = com.digikraft.BikeStationsTests;
				PRODUCT_NAME = "$(TARGET_NAME)";
				SWIFT_EMIT_LOC_STRINGS = NO;
				SWIFT_VERSION = 5.0;
				TARGETED_DEVICE_FAMILY = "1,2";
				TEST_HOST = "$(BUILT_PRODUCTS_DIR)/BikeStations.app/$(BUNDLE_EXECUTABLE_FOLDER_PATH)/BikeStations";
			};
			name = Release;
		};
		C5FD716828F5D82200B588DE /* Debug */ = {
			isa = XCBuildConfiguration;
			buildSettings = {
				ALWAYS_EMBED_SWIFT_STANDARD_LIBRARIES = YES;
				CODE_SIGN_STYLE = Automatic;
				CURRENT_PROJECT_VERSION = 1;
				DEVELOPMENT_TEAM = LDDAW7QUM9;
				GENERATE_INFOPLIST_FILE = YES;
				MARKETING_VERSION = 1.0;
				PRODUCT_BUNDLE_IDENTIFIER = com.digikraft.BikeStationsUITests;
				PRODUCT_NAME = "$(TARGET_NAME)";
				SWIFT_EMIT_LOC_STRINGS = NO;
				SWIFT_VERSION = 5.0;
				TARGETED_DEVICE_FAMILY = "1,2";
				TEST_TARGET_NAME = BikeStations;
			};
			name = Debug;
		};
		C5FD716928F5D82200B588DE /* Release */ = {
			isa = XCBuildConfiguration;
			buildSettings = {
				ALWAYS_EMBED_SWIFT_STANDARD_LIBRARIES = YES;
				CODE_SIGN_STYLE = Automatic;
				CURRENT_PROJECT_VERSION = 1;
				DEVELOPMENT_TEAM = LDDAW7QUM9;
				GENERATE_INFOPLIST_FILE = YES;
				MARKETING_VERSION = 1.0;
				PRODUCT_BUNDLE_IDENTIFIER = com.digikraft.BikeStationsUITests;
				PRODUCT_NAME = "$(TARGET_NAME)";
				SWIFT_EMIT_LOC_STRINGS = NO;
				SWIFT_VERSION = 5.0;
				TARGETED_DEVICE_FAMILY = "1,2";
				TEST_TARGET_NAME = BikeStations;
			};
			name = Release;
		};
/* End XCBuildConfiguration section */

/* Begin XCConfigurationList section */
		C5FD713328F5D81E00B588DE /* Build configuration list for PBXProject "BikeStations" */ = {
			isa = XCConfigurationList;
			buildConfigurations = (
				C5FD715F28F5D82200B588DE /* Debug */,
				C5FD716028F5D82200B588DE /* Release */,
			);
			defaultConfigurationIsVisible = 0;
			defaultConfigurationName = Release;
		};
		C5FD716128F5D82200B588DE /* Build configuration list for PBXNativeTarget "BikeStations" */ = {
			isa = XCConfigurationList;
			buildConfigurations = (
				C5FD716228F5D82200B588DE /* Debug */,
				C5FD716328F5D82200B588DE /* Release */,
			);
			defaultConfigurationIsVisible = 0;
			defaultConfigurationName = Release;
		};
		C5FD716428F5D82200B588DE /* Build configuration list for PBXNativeTarget "BikeStationsTests" */ = {
			isa = XCConfigurationList;
			buildConfigurations = (
				C5FD716528F5D82200B588DE /* Debug */,
				C5FD716628F5D82200B588DE /* Release */,
			);
			defaultConfigurationIsVisible = 0;
			defaultConfigurationName = Release;
		};
		C5FD716728F5D82200B588DE /* Build configuration list for PBXNativeTarget "BikeStationsUITests" */ = {
			isa = XCConfigurationList;
			buildConfigurations = (
				C5FD716828F5D82200B588DE /* Debug */,
				C5FD716928F5D82200B588DE /* Release */,
			);
			defaultConfigurationIsVisible = 0;
			defaultConfigurationName = Release;
		};
/* End XCConfigurationList section */

/* Begin XCVersionGroup section */
		C5FD714628F5D82200B588DE /* BikeStations.xcdatamodeld */ = {
			isa = XCVersionGroup;
			children = (
				C5FD714728F5D82200B588DE /* BikeStations.xcdatamodel */,
			);
			currentVersion = C5FD714728F5D82200B588DE /* BikeStations.xcdatamodel */;
			path = BikeStations.xcdatamodeld;
			sourceTree = "<group>";
			versionGroupType = wrapper.xcdatamodel;
		};
/* End XCVersionGroup section */
	};
	rootObject = C5FD713028F5D81E00B588DE /* Project object */;
}
